
Microsoft Visual Studio Solution File, Format Version 12.00
# Visual Studio Version 16
VisualStudioVersion = 16.0.32630.194
MinimumVisualStudioVersion = 10.0.40219.1
Project("{FAE04EC0-301F-11D3-BF4B-00C04F79EFBC}") = "Exercicio3_Proposto", "Exercicio3_Proposto\Exercicio3_Proposto.csproj", "{863C44A0-1492-40DA-8EE1-417CB393E60D}"
EndProject
Global
	GlobalSection(SolutionConfigurationPlatforms) = preSolution
		Debug|Any CPU = Debug|Any CPU
		Release|Any CPU = Release|Any CPU
	EndGlobalSection
	GlobalSection(ProjectConfigurationPlatforms) = postSolution
		{863C44A0-1492-40DA-8EE1-417CB393E60D}.Debug|Any CPU.ActiveCfg = Debug|Any CPU
		{863C44A0-1492-40DA-8EE1-417CB393E60D}.Debug|Any CPU.Build.0 = Debug|Any CPU
		{863C44A0-1492-40DA-8EE1-417CB393E60D}.Release|Any CPU.ActiveCfg = Release|Any CPU
		{863C44A0-1492-40DA-8EE1-417CB393E60D}.Release|Any CPU.Build.0 = Release|Any CPU
	EndGlobalSection
	GlobalSection(SolutionProperties) = preSolution
		HideSolutionNode = FALSE
	EndGlobalSection
	GlobalSection(ExtensibilityGlobals) = postSolution
		SolutionGuid = {84DF36D3-A471-474B-B34F-A147A8A105A1}
	EndGlobalSection
EndGlobal
